// !$*UTF8*$!
{
	archiveVersion = 1;
	classes = {
	};
	objectVersion = 46;
	objects = {

/* Begin PBXBuildFile section */
		450B662218E53138008524A7 /* Foundation.framework in Frameworks */ = {isa = PBXBuildFile; fileRef = 450B662118E53138008524A7 /* Foundation.framework */; };
		450B662418E53138008524A7 /* CoreGraphics.framework in Frameworks */ = {isa = PBXBuildFile; fileRef = 450B662318E53138008524A7 /* CoreGraphics.framework */; };
		450B662618E53138008524A7 /* UIKit.framework in Frameworks */ = {isa = PBXBuildFile; fileRef = 450B662518E53138008524A7 /* UIKit.framework */; };
		450B662C18E53138008524A7 /* InfoPlist.strings in Resources */ = {isa = PBXBuildFile; fileRef = 450B662A18E53138008524A7 /* InfoPlist.strings */; };
		450B662E18E53138008524A7 /* main.m in Sources */ = {isa = PBXBuildFile; fileRef = 450B662D18E53138008524A7 /* main.m */; };
		450B663218E53138008524A7 /* SDAppDelegate.m in Sources */ = {isa = PBXBuildFile; fileRef = 450B663118E53138008524A7 /* SDAppDelegate.m */; };
		450B663518E53138008524A7 /* Main.storyboard in Resources */ = {isa = PBXBuildFile; fileRef = 450B663318E53138008524A7 /* Main.storyboard */; };
		450B663818E53138008524A7 /* SDViewController.m in Sources */ = {isa = PBXBuildFile; fileRef = 450B663718E53138008524A7 /* SDViewController.m */; };
		450B663A18E53138008524A7 /* Images.xcassets in Resources */ = {isa = PBXBuildFile; fileRef = 450B663918E53138008524A7 /* Images.xcassets */; };
		450B664118E53138008524A7 /* XCTest.framework in Frameworks */ = {isa = PBXBuildFile; fileRef = 450B664018E53138008524A7 /* XCTest.framework */; };
		450B664218E53138008524A7 /* Foundation.framework in Frameworks */ = {isa = PBXBuildFile; fileRef = 450B662118E53138008524A7 /* Foundation.framework */; };
		450B664318E53138008524A7 /* UIKit.framework in Frameworks */ = {isa = PBXBuildFile; fileRef = 450B662518E53138008524A7 /* UIKit.framework */; };
		450B664B18E53138008524A7 /* InfoPlist.strings in Resources */ = {isa = PBXBuildFile; fileRef = 450B664918E53138008524A7 /* InfoPlist.strings */; };
		450B664D18E53138008524A7 /* CapitalOfNationsTests.m in Sources */ = {isa = PBXBuildFile; fileRef = 450B664C18E53138008524A7 /* CapitalOfNationsTests.m */; };
/* End PBXBuildFile section */

/* Begin PBXContainerItemProxy section */
		450B664418E53138008524A7 /* PBXContainerItemProxy */ = {
			isa = PBXContainerItemProxy;
			containerPortal = 450B661618E53138008524A7 /* Project object */;
			proxyType = 1;
			remoteGlobalIDString = 450B661D18E53138008524A7;
			remoteInfo = CapitalOfNations;
		};
/* End PBXContainerItemProxy section */

/* Begin PBXFileReference section */
		450B661E18E53138008524A7 /* CapitalOfNations.app */ = {isa = PBXFileReference; explicitFileType = wrapper.application; includeInIndex = 0; path = CapitalOfNations.app; sourceTree = BUILT_PRODUCTS_DIR; };
		450B662118E53138008524A7 /* Foundation.framework */ = {isa = PBXFileReference; lastKnownFileType = wrapper.framework; name = Foundation.framework; path = System/Library/Frameworks/Foundation.framework; sourceTree = SDKROOT; };
		450B662318E53138008524A7 /* CoreGraphics.framework */ = {isa = PBXFileReference; lastKnownFileType = wrapper.framework; name = CoreGraphics.framework; path = System/Library/Frameworks/CoreGraphics.framework; sourceTree = SDKROOT; };
		450B662518E53138008524A7 /* UIKit.framework */ = {isa = PBXFileReference; lastKnownFileType = wrapper.framework; name = UIKit.framework; path = System/Library/Frameworks/UIKit.framework; sourceTree = SDKROOT; };
		450B662918E53138008524A7 /* CapitalOfNations-Info.plist */ = {isa = PBXFileReference; lastKnownFileType = text.plist.xml; path = "CapitalOfNations-Info.plist"; sourceTree = "<group>"; };
		450B662B18E53138008524A7 /* en */ = {isa = PBXFileReference; lastKnownFileType = text.plist.strings; name = en; path = en.lproj/InfoPlist.strings; sourceTree = "<group>"; };
		450B662D18E53138008524A7 /* main.m */ = {isa = PBXFileReference; lastKnownFileType = sourcecode.c.objc; path = main.m; sourceTree = "<group>"; };
		450B662F18E53138008524A7 /* CapitalOfNations-Prefix.pch */ = {isa = PBXFileReference; lastKnownFileType = sourcecode.c.h; path = "CapitalOfNations-Prefix.pch"; sourceTree = "<group>"; };
		450B663018E53138008524A7 /* SDAppDelegate.h */ = {isa = PBXFileReference; lastKnownFileType = sourcecode.c.h; path = SDAppDelegate.h; sourceTree = "<group>"; };
		450B663118E53138008524A7 /* SDAppDelegate.m */ = {isa = PBXFileReference; lastKnownFileType = sourcecode.c.objc; path = SDAppDelegate.m; sourceTree = "<group>"; };
		450B663418E53138008524A7 /* Base */ = {isa = PBXFileReference; lastKnownFileType = file.storyboard; name = Base; path = Base.lproj/Main.storyboard; sourceTree = "<group>"; };
		450B663618E53138008524A7 /* SDViewController.h */ = {isa = PBXFileReference; lastKnownFileType = sourcecode.c.h; path = SDViewController.h; sourceTree = "<group>"; };
		450B663718E53138008524A7 /* SDViewController.m */ = {isa = PBXFileReference; lastKnownFileType = sourcecode.c.objc; path = SDViewController.m; sourceTree = "<group>"; };
		450B663918E53138008524A7 /* Images.xcassets */ = {isa = PBXFileReference; lastKnownFileType = folder.assetcatalog; path = Images.xcassets; sourceTree = "<group>"; };
		450B663F18E53138008524A7 /* CapitalOfNationsTests.xctest */ = {isa = PBXFileReference; explicitFileType = wrapper.cfbundle; includeInIndex = 0; path = CapitalOfNationsTests.xctest; sourceTree = BUILT_PRODUCTS_DIR; };
		450B664018E53138008524A7 /* XCTest.framework */ = {isa = PBXFileReference; lastKnownFileType = wrapper.framework; name = XCTest.framework; path = Library/Frameworks/XCTest.framework; sourceTree = DEVELOPER_DIR; };
		450B664818E53138008524A7 /* CapitalOfNationsTests-Info.plist */ = {isa = PBXFileReference; lastKnownFileType = text.plist.xml; path = "CapitalOfNationsTests-Info.plist"; sourceTree = "<group>"; };
		450B664A18E53138008524A7 /* en */ = {isa = PBXFileReference; lastKnownFileType = text.plist.strings; name = en; path = en.lproj/InfoPlist.strings; sourceTree = "<group>"; };
		450B664C18E53138008524A7 /* CapitalOfNationsTests.m */ = {isa = PBXFileReference; lastKnownFileType = sourcecode.c.objc; path = CapitalOfNationsTests.m; sourceTree = "<group>"; };
/* End PBXFileReference section */

/* Begin PBXFrameworksBuildPhase section */
		450B661B18E53138008524A7 /* Frameworks */ = {
			isa = PBXFrameworksBuildPhase;
			buildActionMask = 2147483647;
			files = (
				450B662418E53138008524A7 /* CoreGraphics.framework in Frameworks */,
				450B662618E53138008524A7 /* UIKit.framework in Frameworks */,
				450B662218E53138008524A7 /* Foundation.framework in Frameworks */,
			);
			runOnlyForDeploymentPostprocessing = 0;
		};
		450B663C18E53138008524A7 /* Frameworks */ = {
			isa = PBXFrameworksBuildPhase;
			buildActionMask = 2147483647;
			files = (
				450B664118E53138008524A7 /* XCTest.framework in Frameworks */,
				450B664318E53138008524A7 /* UIKit.framework in Frameworks */,
				450B664218E53138008524A7 /* Foundation.framework in Frameworks */,
			);
			runOnlyForDeploymentPostprocessing = 0;
		};
/* End PBXFrameworksBuildPhase section */

/* Begin PBXGroup section */
		450B661518E53138008524A7 = {
			isa = PBXGroup;
			children = (
				450B662718E53138008524A7 /* CapitalOfNations */,
				450B664618E53138008524A7 /* CapitalOfNationsTests */,
				450B662018E53138008524A7 /* Frameworks */,
				450B661F18E53138008524A7 /* Products */,
			);
			sourceTree = "<group>";
		};
		450B661F18E53138008524A7 /* Products */ = {
			isa = PBXGroup;
			children = (
				450B661E18E53138008524A7 /* CapitalOfNations.app */,
				450B663F18E53138008524A7 /* CapitalOfNationsTests.xctest */,
			);
			name = Products;
			sourceTree = "<group>";
		};
		450B662018E53138008524A7 /* Frameworks */ = {
			isa = PBXGroup;
			children = (
				450B662118E53138008524A7 /* Foundation.framework */,
				450B662318E53138008524A7 /* CoreGraphics.framework */,
				450B662518E53138008524A7 /* UIKit.framework */,
				450B664018E53138008524A7 /* XCTest.framework */,
			);
			name = Frameworks;
			sourceTree = "<group>";
		};
		450B662718E53138008524A7 /* CapitalOfNations */ = {
			isa = PBXGroup;
			children = (
				450B663018E53138008524A7 /* SDAppDelegate.h */,
				450B663118E53138008524A7 /* SDAppDelegate.m */,
				450B663318E53138008524A7 /* Main.storyboard */,
				450B663618E53138008524A7 /* SDViewController.h */,
				450B663718E53138008524A7 /* SDViewController.m */,
				450B663918E53138008524A7 /* Images.xcassets */,
				450B662818E53138008524A7 /* Supporting Files */,
			);
			path = CapitalOfNations;
			sourceTree = "<group>";
		};
		450B662818E53138008524A7 /* Supporting Files */ = {
			isa = PBXGroup;
			children = (
				450B662918E53138008524A7 /* CapitalOfNations-Info.plist */,
				450B662A18E53138008524A7 /* InfoPlist.strings */,
				450B662D18E53138008524A7 /* main.m */,
				450B662F18E53138008524A7 /* CapitalOfNations-Prefix.pch */,
			);
			name = "Supporting Files";
			sourceTree = "<group>";
		};
		450B664618E53138008524A7 /* CapitalOfNationsTests */ = {
			isa = PBXGroup;
			children = (
				450B664C18E53138008524A7 /* CapitalOfNationsTests.m */,
				450B664718E53138008524A7 /* Supporting Files */,
			);
			path = CapitalOfNationsTests;
			sourceTree = "<group>";
		};
		450B664718E53138008524A7 /* Supporting Files */ = {
			isa = PBXGroup;
			children = (
				450B664818E53138008524A7 /* CapitalOfNationsTests-Info.plist */,
				450B664918E53138008524A7 /* InfoPlist.strings */,
			);
			name = "Supporting Files";
			sourceTree = "<group>";
		};
/* End PBXGroup section */

/* Begin PBXNativeTarget section */
		450B661D18E53138008524A7 /* CapitalOfNations */ = {
			isa = PBXNativeTarget;
			buildConfigurationList = 450B665018E53138008524A7 /* Build configuration list for PBXNativeTarget "CapitalOfNations" */;
			buildPhases = (
				450B661A18E53138008524A7 /* Sources */,
				450B661B18E53138008524A7 /* Frameworks */,
				450B661C18E53138008524A7 /* Resources */,
			);
			buildRules = (
			);
			dependencies = (
			);
			name = CapitalOfNations;
			productName = CapitalOfNations;
			productReference = 450B661E18E53138008524A7 /* CapitalOfNations.app */;
			productType = "com.apple.product-type.application";
		};
		450B663E18E53138008524A7 /* CapitalOfNationsTests */ = {
			isa = PBXNativeTarget;
			buildConfigurationList = 450B665318E53138008524A7 /* Build configuration list for PBXNativeTarget "CapitalOfNationsTests" */;
			buildPhases = (
				450B663B18E53138008524A7 /* Sources */,
				450B663C18E53138008524A7 /* Frameworks */,
				450B663D18E53138008524A7 /* Resources */,
			);
			buildRules = (
			);
			dependencies = (
				450B664518E53138008524A7 /* PBXTargetDependency */,
			);
			name = CapitalOfNationsTests;
			productName = CapitalOfNationsTests;
			productReference = 450B663F18E53138008524A7 /* CapitalOfNationsTests.xctest */;
			productType = "com.apple.product-type.bundle.unit-test";
		};
/* End PBXNativeTarget section */

/* Begin PBXProject section */
		450B661618E53138008524A7 /* Project object */ = {
			isa = PBXProject;
			attributes = {
				CLASSPREFIX = SD;
				LastUpgradeCheck = 0500;
				ORGANIZATIONNAME = Techmentation;
				TargetAttributes = {
					450B663E18E53138008524A7 = {
						TestTargetID = 450B661D18E53138008524A7;
					};
				};
			};
			buildConfigurationList = 450B661918E53138008524A7 /* Build configuration list for PBXProject "CapitalOfNations" */;
			compatibilityVersion = "Xcode 3.2";
			developmentRegion = English;
			hasScannedForEncodings = 0;
			knownRegions = (
				en,
				Base,
			);
			mainGroup = 450B661518E53138008524A7;
			productRefGroup = 450B661F18E53138008524A7 /* Products */;
			projectDirPath = "";
			projectRoot = "";
			targets = (
				450B661D18E53138008524A7 /* CapitalOfNations */,
				450B663E18E53138008524A7 /* CapitalOfNationsTests */,
			);
		};
/* End PBXProject section */

/* Begin PBXResourcesBuildPhase section */
		450B661C18E53138008524A7 /* Resources */ = {
			isa = PBXResourcesBuildPhase;
			buildActionMask = 2147483647;
			files = (
				450B663A18E53138008524A7 /* Images.xcassets in Resources */,
				450B662C18E53138008524A7 /* InfoPlist.strings in Resources */,
				450B663518E53138008524A7 /* Main.storyboard in Resources */,
			);
			runOnlyForDeploymentPostprocessing = 0;
		};
		450B663D18E53138008524A7 /* Resources */ = {
			isa = PBXResourcesBuildPhase;
			buildActionMask = 2147483647;
			files = (
				450B664B18E53138008524A7 /* InfoPlist.strings in Resources */,
			);
			runOnlyForDeploymentPostprocessing = 0;
		};
/* End PBXResourcesBuildPhase section */

/* Begin PBXSourcesBuildPhase section */
		450B661A18E53138008524A7 /* Sources */ = {
			isa = PBXSourcesBuildPhase;
			buildActionMask = 2147483647;
			files = (
				450B662E18E53138008524A7 /* main.m in Sources */,
				450B663818E53138008524A7 /* SDViewController.m in Sources */,
				450B663218E53138008524A7 /* SDAppDelegate.m in Sources */,
			);
			runOnlyForDeploymentPostprocessing = 0;
		};
		450B663B18E53138008524A7 /* Sources */ = {
			isa = PBXSourcesBuildPhase;
			buildActionMask = 2147483647;
			files = (
				450B664D18E53138008524A7 /* CapitalOfNationsTests.m in Sources */,
			);
			runOnlyForDeploymentPostprocessing = 0;
		};
/* End PBXSourcesBuildPhase section */

/* Begin PBXTargetDependency section */
		450B664518E53138008524A7 /* PBXTargetDependency */ = {
			isa = PBXTargetDependency;
			target = 450B661D18E53138008524A7 /* CapitalOfNations */;
			targetProxy = 450B664418E53138008524A7 /* PBXContainerItemProxy */;
		};
/* End PBXTargetDependency section */

/* Begin PBXVariantGroup section */
		450B662A18E53138008524A7 /* InfoPlist.strings */ = {
			isa = PBXVariantGroup;
			children = (
				450B662B18E53138008524A7 /* en */,
			);
			name = InfoPlist.strings;
			sourceTree = "<group>";
		};
		450B663318E53138008524A7 /* Main.storyboard */ = {
			isa = PBXVariantGroup;
			children = (
				450B663418E53138008524A7 /* Base */,
			);
			name = Main.storyboard;
			sourceTree = "<group>";
		};
		450B664918E53138008524A7 /* InfoPlist.strings */ = {
			isa = PBXVariantGroup;
			children = (
				450B664A18E53138008524A7 /* en */,
			);
			name = InfoPlist.strings;
			sourceTree = "<group>";
		};
/* End PBXVariantGroup section */

/* Begin XCBuildConfiguration section */
		450B664E18E53138008524A7 /* Debug */ = {
			isa = XCBuildConfiguration;
			buildSettings = {
				ALWAYS_SEARCH_USER_PATHS = NO;
				ARCHS = "$(ARCHS_STANDARD_INCLUDING_64_BIT)";
				CLANG_CXX_LANGUAGE_STANDARD = "gnu++0x";
				CLANG_CXX_LIBRARY = "libc++";
				CLANG_ENABLE_MODULES = YES;
				CLANG_ENABLE_OBJC_ARC = YES;
				CLANG_WARN_BOOL_CONVERSION = YES;
				CLANG_WARN_CONSTANT_CONVERSION = YES;
				CLANG_WARN_DIRECT_OBJC_ISA_USAGE = YES_ERROR;
				CLANG_WARN_EMPTY_BODY = YES;
				CLANG_WARN_ENUM_CONVERSION = YES;
				CLANG_WARN_INT_CONVERSION = YES;
				CLANG_WARN_OBJC_ROOT_CLASS = YES_ERROR;
				CLANG_WARN__DUPLICATE_METHOD_MATCH = YES;
				"CODE_SIGN_IDENTITY[sdk=iphoneos*]" = "iPhone Developer";
				COPY_PHASE_STRIP = NO;
				GCC_C_LANGUAGE_STANDARD = gnu99;
				GCC_DYNAMIC_NO_PIC = NO;
				GCC_OPTIMIZATION_LEVEL = 0;
				GCC_PREPROCESSOR_DEFINITIONS = (
					"DEBUG=1",
					"$(inherited)",
				);
				GCC_SYMBOLS_PRIVATE_EXTERN = NO;
				GCC_WARN_64_TO_32_BIT_CONVERSION = YES;
				GCC_WARN_ABOUT_RETURN_TYPE = YES_ERROR;
				GCC_WARN_UNDECLARED_SELECTOR = YES;
				GCC_WARN_UNINITIALIZED_AUTOS = YES;
				GCC_WARN_UNUSED_FUNCTION = YES;
				GCC_WARN_UNUSED_VARIABLE = YES;
				IPHONEOS_DEPLOYMENT_TARGET = 7.0;
				ONLY_ACTIVE_ARCH = YES;
				SDKROOT = iphoneos;
			};
			name = Debug;
		};
		450B664F18E53138008524A7 /* Release */ = {
			isa = XCBuildConfiguration;
			buildSettings = {
				ALWAYS_SEARCH_USER_PATHS = NO;
				ARCHS = "$(ARCHS_STANDARD_INCLUDING_64_BIT)";
				CLANG_CXX_LANGUAGE_STANDARD = "gnu++0x";
				CLANG_CXX_LIBRARY = "libc++";
				CLANG_ENABLE_MODULES = YES;
				CLANG_ENABLE_OBJC_ARC = YES;
				CLANG_WARN_BOOL_CONVERSION = YES;
				CLANG_WARN_CONSTANT_CONVERSION = YES;
				CLANG_WARN_DIRECT_OBJC_ISA_USAGE = YES_ERROR;
				CLANG_WARN_EMPTY_BODY = YES;
				CLANG_WARN_ENUM_CONVERSION = YES;
				CLANG_WARN_INT_CONVERSION = YES;
				CLANG_WARN_OBJC_ROOT_CLASS = YES_ERROR;
				CLANG_WARN__DUPLICATE_METHOD_MATCH = YES;
				"CODE_SIGN_IDENTITY[sdk=iphoneos*]" = "iPhone Developer";
				COPY_PHASE_STRIP = YES;
				ENABLE_NS_ASSERTIONS = NO;
				GCC_C_LANGUAGE_STANDARD = gnu99;
				GCC_WARN_64_TO_32_BIT_CONVERSION = YES;
				GCC_WARN_ABOUT_RETURN_TYPE = YES_ERROR;
				GCC_WARN_UNDECLARED_SELECTOR = YES;
				GCC_WARN_UNINITIALIZED_AUTOS = YES;
				GCC_WARN_UNUSED_FUNCTION = YES;
				GCC_WARN_UNUSED_VARIABLE = YES;
				IPHONEOS_DEPLOYMENT_TARGET = 7.0;
				SDKROOT = iphoneos;
				VALIDATE_PRODUCT = YES;
			};
			name = Release;
		};
		450B665118E53138008524A7 /* Debug */ = {
			isa = XCBuildConfiguration;
			buildSettings = {
				ASSETCATALOG_COMPILER_APPICON_NAME = AppIcon;
				ASSETCATALOG_COMPILER_LAUNCHIMAGE_NAME = LaunchImage;
				GCC_PRECOMPILE_PREFIX_HEADER = YES;
				GCC_PREFIX_HEADER = "CapitalOfNations/CapitalOfNations-Prefix.pch";
				INFOPLIST_FILE = "CapitalOfNations/CapitalOfNations-Info.plist";
				PRODUCT_NAME = "$(TARGET_NAME)";
				WRAPPER_EXTENSION = app;
			};
			name = Debug;
		};
		450B665218E53138008524A7 /* Release */ = {
			isa = XCBuildConfiguration;
			buildSettings = {
				ASSETCATALOG_COMPILER_APPICON_NAME = AppIcon;
				ASSETCATALOG_COMPILER_LAUNCHIMAGE_NAME = LaunchImage;
				GCC_PRECOMPILE_PREFIX_HEADER = YES;
				GCC_PREFIX_HEADER = "CapitalOfNations/CapitalOfNations-Prefix.pch";
				INFOPLIST_FILE = "CapitalOfNations/CapitalOfNations-Info.plist";
				PRODUCT_NAME = "$(TARGET_NAME)";
				WRAPPER_EXTENSION = app;
			};
			name = Release;
		};
		450B665418E53138008524A7 /* Debug */ = {
			isa = XCBuildConfiguration;
			buildSettings = {
				ARCHS = "$(ARCHS_STANDARD_INCLUDING_64_BIT)";
				BUNDLE_LOADER = "$(BUILT_PRODUCTS_DIR)/CapitalOfNations.app/CapitalOfNations";
				FRAMEWORK_SEARCH_PATHS = (
					"$(SDKROOT)/Developer/Library/Frameworks",
					"$(inherited)",
					"$(DEVELOPER_FRAMEWORKS_DIR)",
				);
				GCC_PRECOMPILE_PREFIX_HEADER = YES;
				GCC_PREFIX_HEADER = "CapitalOfNations/CapitalOfNations-Prefix.pch";
				GCC_PREPROCESSOR_DEFINITIONS = (
					"DEBUG=1",
					"$(inherited)",
				);
				INFOPLIST_FILE = "CapitalOfNationsTests/CapitalOfNationsTests-Info.plist";
				PRODUCT_NAME = "$(TARGET_NAME)";
				TEST_HOST = "$(BUNDLE_LOADER)";
				WRAPPER_EXTENSION = xctest;
			};
			name = Debug;
		};
		450B665518E53138008524A7 /* Release */ = {
			isa = XCBuildConfiguration;
			buildSettings = {
				ARCHS = "$(ARCHS_STANDARD_INCLUDING_64_BIT)";
				BUNDLE_LOADER = "$(BUILT_PRODUCTS_DIR)/CapitalOfNations.app/CapitalOfNations";
				FRAMEWORK_SEARCH_PATHS = (
					"$(SDKROOT)/Developer/Library/Frameworks",
					"$(inherited)",
					"$(DEVELOPER_FRAMEWORKS_DIR)",
				);
				GCC_PRECOMPILE_PREFIX_HEADER = YES;
				GCC_PREFIX_HEADER = "CapitalOfNations/CapitalOfNations-Prefix.pch";
				INFOPLIST_FILE = "CapitalOfNationsTests/CapitalOfNationsTests-Info.plist";
				PRODUCT_NAME = "$(TARGET_NAME)";
				TEST_HOST = "$(BUNDLE_LOADER)";
				WRAPPER_EXTENSION = xctest;
			};
			name = Release;
		};
/* End XCBuildConfiguration section */

/* Begin XCConfigurationList section */
		450B661918E53138008524A7 /* Build configuration list for PBXProject "CapitalOfNations" */ = {
			isa = XCConfigurationList;
			buildConfigurations = (
				450B664E18E53138008524A7 /* Debug */,
				450B664F18E53138008524A7 /* Release */,
			);
			defaultConfigurationIsVisible = 0;
			defaultConfigurationName = Release;
		};
		450B665018E53138008524A7 /* Build configuration list for PBXNativeTarget "CapitalOfNations" */ = {
			isa = XCConfigurationList;
			buildConfigurations = (
				450B665118E53138008524A7 /* Debug */,
				450B665218E53138008524A7 /* Release */,
			);
			defaultConfigurationIsVisible = 0;
		};
		450B665318E53138008524A7 /* Build configuration list for PBXNativeTarget "CapitalOfNationsTests" */ = {
			isa = XCConfigurationList;
			buildConfigurations = (
				450B665418E53138008524A7 /* Debug */,
				450B665518E53138008524A7 /* Release */,
			);
			defaultConfigurationIsVisible = 0;
		};
/* End XCConfigurationList section */
	};
	rootObject = 450B661618E53138008524A7 /* Project object */;
}
